
Microsoft Visual Studio Solution File, Format Version 12.00
# Visual Studio 15
VisualStudioVersion = 15.0.27703.2026
MinimumVisualStudioVersion = 10.0.40219.1
Project("{FAE04EC0-301F-11D3-BF4B-00C04F79EFBC}") = "mainmenu", "mainmenu\mainmenu.csproj", "{39252CE9-277B-4FE4-9DA2-F180EDC7B56A}"
EndProject
Global
	GlobalSection(SolutionConfigurationPlatforms) = preSolution
		Debug|Any CPU = Debug|Any CPU
		Release|Any CPU = Release|Any CPU
	EndGlobalSection
	GlobalSection(ProjectConfigurationPlatforms) = postSolution
		{39252CE9-277B-4FE4-9DA2-F180EDC7B56A}.Debug|Any CPU.ActiveCfg = Debug|Any CPU
		{39252CE9-277B-4FE4-9DA2-F180EDC7B56A}.Debug|Any CPU.Build.0 = Debug|Any CPU
		{39252CE9-277B-4FE4-9DA2-F180EDC7B56A}.Release|Any CPU.ActiveCfg = Release|Any CPU
		{39252CE9-277B-4FE4-9DA2-F180EDC7B56A}.Release|Any CPU.Build.0 = Release|Any CPU
	EndGlobalSection
	GlobalSection(SolutionProperties) = preSolution
		HideSolutionNode = FALSE
	EndGlobalSection
	GlobalSection(ExtensibilityGlobals) = postSolution
		SolutionGuid = {6253CD2F-DCB7-44F1-9EE8-0D6BAEFFA52C}
	EndGlobalSection
EndGlobal
